
Microsoft Visual Studio Solution File, Format Version 12.00
# Visual Studio Version 17
VisualStudioVersion = 17.0.32112.339
MinimumVisualStudioVersion = 10.0.40219.1
Project("{FAE04EC0-301F-11D3-BF4B-00C04F79EFBC}") = "HomeTask3", "HomeTask3.csproj", "{FE53080F-7235-482B-B4B5-43F8F20E1F42}"
EndProject
Global
	GlobalSection(SolutionConfigurationPlatforms) = preSolution
		Debug|Any CPU = Debug|Any CPU
		Release|Any CPU = Release|Any CPU
	EndGlobalSection
	GlobalSection(ProjectConfigurationPlatforms) = postSolution
		{FE53080F-7235-482B-B4B5-43F8F20E1F42}.Debug|Any CPU.ActiveCfg = Debug|Any CPU
		{FE53080F-7235-482B-B4B5-43F8F20E1F42}.Debug|Any CPU.Build.0 = Debug|Any CPU
		{FE53080F-7235-482B-B4B5-43F8F20E1F42}.Release|Any CPU.ActiveCfg = Release|Any CPU
		{FE53080F-7235-482B-B4B5-43F8F20E1F42}.Release|Any CPU.Build.0 = Release|Any CPU
	EndGlobalSection
	GlobalSection(SolutionProperties) = preSolution
		HideSolutionNode = FALSE
	EndGlobalSection
	GlobalSection(ExtensibilityGlobals) = postSolution
		SolutionGuid = {00007D4E-A58E-40AC-B4DA-FDF26D0D82EE}
	EndGlobalSection
EndGlobal
